a:8:{s:5:"doing";s:15:"Sending Archive";s:8:"item_key";i:1449488113;s:13:"data_item_key";i:1449488113;s:10:"time_start";i:1449741349;s:3:"pid";i:3909;s:8:"has_lock";b:1;s:9:"file_name";s:110:"/home/brownglock/public_html/learn/wp-content/uploads/snapshots/snapshot-1449488113-151207-113513-37bae0d9.zip";s:9:"file_size";i:469519632;}

